
Microsoft Visual Studio Solution File, Format Version 12.00
# Visual Studio 15
VisualStudioVersion = 15.0.26730.12
MinimumVisualStudioVersion = 10.0.40219.1
Project("{FAE04EC0-301F-11D3-BF4B-00C04F79EFBC}") = "Trabalho2_ISI_Cliente", "Trabalho2_ISI_Cliente\Trabalho2_ISI_Cliente.csproj", "{2C887F9F-F042-44A4-9674-BC0FBA77AA40}"
EndProject
Global
	GlobalSection(SolutionConfigurationPlatforms) = preSolution
		Debug|Any CPU = Debug|Any CPU
		Release|Any CPU = Release|Any CPU
	EndGlobalSection
	GlobalSection(ProjectConfigurationPlatforms) = postSolution
		{2C887F9F-F042-44A4-9674-BC0FBA77AA40}.Debug|Any CPU.ActiveCfg = Debug|Any CPU
		{2C887F9F-F042-44A4-9674-BC0FBA77AA40}.Debug|Any CPU.Build.0 = Debug|Any CPU
		{2C887F9F-F042-44A4-9674-BC0FBA77AA40}.Release|Any CPU.ActiveCfg = Release|Any CPU
		{2C887F9F-F042-44A4-9674-BC0FBA77AA40}.Release|Any CPU.Build.0 = Release|Any CPU
	EndGlobalSection
	GlobalSection(SolutionProperties) = preSolution
		HideSolutionNode = FALSE
	EndGlobalSection
	GlobalSection(ExtensibilityGlobals) = postSolution
		SolutionGuid = {A21CB402-7B32-450B-ABDE-9A0EE0E14CB6}
	EndGlobalSection
EndGlobal
